
Microsoft Visual Studio Solution File, Format Version 12.00
# Visual Studio Version 17
VisualStudioVersion = 17.0.31903.59
MinimumVisualStudioVersion = 10.0.40219.1
Project("{2150E333-8FDC-42A3-9474-1A3956D46DE8}") = "src", "src", "{827E0CD3-B72D-47B6-A68D-7590B98EB39B}"
EndProject
Project("{FAE04EC0-301F-11D3-BF4B-00C04F79EFBC}") = "GadgetsOnline.Catalog.API", "src\GadgetsOnline.Catalog.API\GadgetsOnline.Catalog.API.csproj", "{3AFCE2F8-97E9-4D62-919D-2AA0AA518BB5}"
EndProject
Project("{FAE04EC0-301F-11D3-BF4B-00C04F79EFBC}") = "GadgetsOnline.Cart.API", "src\GadgetsOnline.Cart.API\GadgetsOnline.Cart.API.csproj", "{35D518EE-88F6-4623-AB0C-F4DC70EC18E8}"
EndProject
Project("{FAE04EC0-301F-11D3-BF4B-00C04F79EFBC}") = "GadgetsOnline.Order.API", "src\GadgetsOnline.Order.API\GadgetsOnline.Order.API.csproj", "{54436988-7B2B-4E22-90BA-51ED47DE38FD}"
EndProject
Project("{FAE04EC0-301F-11D3-BF4B-00C04F79EFBC}") = "GadgetsOnline.Shared.Contracts", "src\GadgetsOnline.Shared.Contracts\GadgetsOnline.Shared.Contracts.csproj", "{6ECACE48-A993-4702-B97E-B4E984736C15}"
EndProject
Project("{FAE04EC0-301F-11D3-BF4B-00C04F79EFBC}") = "GadgetsOnline.ApiGateway", "src\GadgetsOnline.ApiGateway\GadgetsOnline.ApiGateway.csproj", "{4143F05F-3FCF-4EE1-83B3-8B0497D6059B}"
EndProject
Project("{FAE04EC0-301F-11D3-BF4B-00C04F79EFBC}") = "GadgetsOnline.Web", "src\GadgetsOnline.Web\GadgetsOnline.Web.csproj", "{30572E99-569A-4833-A844-CB743248DD7B}"
EndProject
Global
	GlobalSection(SolutionConfigurationPlatforms) = preSolution
		Debug|Any CPU = Debug|Any CPU
		Debug|x64 = Debug|x64
		Debug|x86 = Debug|x86
		Release|Any CPU = Release|Any CPU
		Release|x64 = Release|x64
		Release|x86 = Release|x86
	EndGlobalSection
	GlobalSection(ProjectConfigurationPlatforms) = postSolution
		{3AFCE2F8-97E9-4D62-919D-2AA0AA518BB5}.Debug|Any CPU.ActiveCfg = Debug|Any CPU
		{3AFCE2F8-97E9-4D62-919D-2AA0AA518BB5}.Debug|Any CPU.Build.0 = Debug|Any CPU
		{3AFCE2F8-97E9-4D62-919D-2AA0AA518BB5}.Debug|x64.ActiveCfg = Debug|Any CPU
		{3AFCE2F8-97E9-4D62-919D-2AA0AA518BB5}.Debug|x64.Build.0 = Debug|Any CPU
		{3AFCE2F8-97E9-4D62-919D-2AA0AA518BB5}.Debug|x86.ActiveCfg = Debug|Any CPU
		{3AFCE2F8-97E9-4D62-919D-2AA0AA518BB5}.Debug|x86.Build.0 = Debug|Any CPU
		{3AFCE2F8-97E9-4D62-919D-2AA0AA518BB5}.Release|Any CPU.ActiveCfg = Release|Any CPU
		{3AFCE2F8-97E9-4D62-919D-2AA0AA518BB5}.Release|Any CPU.Build.0 = Release|Any CPU
		{3AFCE2F8-97E9-4D62-919D-2AA0AA518BB5}.Release|x64.ActiveCfg = Release|Any CPU
		{3AFCE2F8-97E9-4D62-919D-2AA0AA518BB5}.Release|x64.Build.0 = Release|Any CPU
		{3AFCE2F8-97E9-4D62-919D-2AA0AA518BB5}.Release|x86.ActiveCfg = Release|Any CPU
		{3AFCE2F8-97E9-4D62-919D-2AA0AA518BB5}.Release|x86.Build.0 = Release|Any CPU
		{35D518EE-88F6-4623-AB0C-F4DC70EC18E8}.Debug|Any CPU.ActiveCfg = Debug|Any CPU
		{35D518EE-88F6-4623-AB0C-F4DC70EC18E8}.Debug|Any CPU.Build.0 = Debug|Any CPU
		{35D518EE-88F6-4623-AB0C-F4DC70EC18E8}.Debug|x64.ActiveCfg = Debug|Any CPU
		{35D518EE-88F6-4623-AB0C-F4DC70EC18E8}.Debug|x64.Build.0 = Debug|Any CPU
		{35D518EE-88F6-4623-AB0C-F4DC70EC18E8}.Debug|x86.ActiveCfg = Debug|Any CPU
		{35D518EE-88F6-4623-AB0C-F4DC70EC18E8}.Debug|x86.Build.0 = Debug|Any CPU
		{35D518EE-88F6-4623-AB0C-F4DC70EC18E8}.Release|Any CPU.ActiveCfg = Release|Any CPU
		{35D518EE-88F6-4623-AB0C-F4DC70EC18E8}.Release|Any CPU.Build.0 = Release|Any CPU
		{35D518EE-88F6-4623-AB0C-F4DC70EC18E8}.Release|x64.ActiveCfg = Release|Any CPU
		{35D518EE-88F6-4623-AB0C-F4DC70EC18E8}.Release|x64.Build.0 = Release|Any CPU
		{35D518EE-88F6-4623-AB0C-F4DC70EC18E8}.Release|x86.ActiveCfg = Release|Any CPU
		{35D518EE-88F6-4623-AB0C-F4DC70EC18E8}.Release|x86.Build.0 = Release|Any CPU
		{54436988-7B2B-4E22-90BA-51ED47DE38FD}.Debug|Any CPU.ActiveCfg = Debug|Any CPU
		{54436988-7B2B-4E22-90BA-51ED47DE38FD}.Debug|Any CPU.Build.0 = Debug|Any CPU
		{54436988-7B2B-4E22-90BA-51ED47DE38FD}.Debug|x64.ActiveCfg = Debug|Any CPU
		{54436988-7B2B-4E22-90BA-51ED47DE38FD}.Debug|x64.Build.0 = Debug|Any CPU
		{54436988-7B2B-4E22-90BA-51ED47DE38FD}.Debug|x86.ActiveCfg = Debug|Any CPU
		{54436988-7B2B-4E22-90BA-51ED47DE38FD}.Debug|x86.Build.0 = Debug|Any CPU
		{54436988-7B2B-4E22-90BA-51ED47DE38FD}.Release|Any CPU.ActiveCfg = Release|Any CPU
		{54436988-7B2B-4E22-90BA-51ED47DE38FD}.Release|Any CPU.Build.0 = Release|Any CPU
		{54436988-7B2B-4E22-90BA-51ED47DE38FD}.Release|x64.ActiveCfg = Release|Any CPU
		{54436988-7B2B-4E22-90BA-51ED47DE38FD}.Release|x64.Build.0 = Release|Any CPU
		{54436988-7B2B-4E22-90BA-51ED47DE38FD}.Release|x86.ActiveCfg = Release|Any CPU
		{54436988-7B2B-4E22-90BA-51ED47DE38FD}.Release|x86.Build.0 = Release|Any CPU
		{6ECACE48-A993-4702-B97E-B4E984736C15}.Debug|Any CPU.ActiveCfg = Debug|Any CPU
		{6ECACE48-A993-4702-B97E-B4E984736C15}.Debug|Any CPU.Build.0 = Debug|Any CPU
		{6ECACE48-A993-4702-B97E-B4E984736C15}.Debug|x64.ActiveCfg = Debug|Any CPU
		{6ECACE48-A993-4702-B97E-B4E984736C15}.Debug|x64.Build.0 = Debug|Any CPU
		{6ECACE48-A993-4702-B97E-B4E984736C15}.Debug|x86.ActiveCfg = Debug|Any CPU
		{6ECACE48-A993-4702-B97E-B4E984736C15}.Debug|x86.Build.0 = Debug|Any CPU
		{6ECACE48-A993-4702-B97E-B4E984736C15}.Release|Any CPU.ActiveCfg = Release|Any CPU
		{6ECACE48-A993-4702-B97E-B4E984736C15}.Release|Any CPU.Build.0 = Release|Any CPU
		{6ECACE48-A993-4702-B97E-B4E984736C15}.Release|x64.ActiveCfg = Release|Any CPU
		{6ECACE48-A993-4702-B97E-B4E984736C15}.Release|x64.Build.0 = Release|Any CPU
		{6ECACE48-A993-4702-B97E-B4E984736C15}.Release|x86.ActiveCfg = Release|Any CPU
		{6ECACE48-A993-4702-B97E-B4E984736C15}.Release|x86.Build.0 = Release|Any CPU
		{4143F05F-3FCF-4EE1-83B3-8B0497D6059B}.Debug|Any CPU.ActiveCfg = Debug|Any CPU
		{4143F05F-3FCF-4EE1-83B3-8B0497D6059B}.Debug|Any CPU.Build.0 = Debug|Any CPU
		{4143F05F-3FCF-4EE1-83B3-8B0497D6059B}.Debug|x64.ActiveCfg = Debug|Any CPU
		{4143F05F-3FCF-4EE1-83B3-8B0497D6059B}.Debug|x64.Build.0 = Debug|Any CPU
		{4143F05F-3FCF-4EE1-83B3-8B0497D6059B}.Debug|x86.ActiveCfg = Debug|Any CPU
		{4143F05F-3FCF-4EE1-83B3-8B0497D6059B}.Debug|x86.Build.0 = Debug|Any CPU
		{4143F05F-3FCF-4EE1-83B3-8B0497D6059B}.Release|Any CPU.ActiveCfg = Release|Any CPU
		{4143F05F-3FCF-4EE1-83B3-8B0497D6059B}.Release|Any CPU.Build.0 = Release|Any CPU
		{4143F05F-3FCF-4EE1-83B3-8B0497D6059B}.Release|x64.ActiveCfg = Release|Any CPU
		{4143F05F-3FCF-4EE1-83B3-8B0497D6059B}.Release|x64.Build.0 = Release|Any CPU
		{4143F05F-3FCF-4EE1-83B3-8B0497D6059B}.Release|x86.ActiveCfg = Release|Any CPU
		{4143F05F-3FCF-4EE1-83B3-8B0497D6059B}.Release|x86.Build.0 = Release|Any CPU
		{30572E99-569A-4833-A844-CB743248DD7B}.Debug|Any CPU.ActiveCfg = Debug|Any CPU
		{30572E99-569A-4833-A844-CB743248DD7B}.Debug|Any CPU.Build.0 = Debug|Any CPU
		{30572E99-569A-4833-A844-CB743248DD7B}.Debug|x64.ActiveCfg = Debug|Any CPU
		{30572E99-569A-4833-A844-CB743248DD7B}.Debug|x64.Build.0 = Debug|Any CPU
		{30572E99-569A-4833-A844-CB743248DD7B}.Debug|x86.ActiveCfg = Debug|Any CPU
		{30572E99-569A-4833-A844-CB743248DD7B}.Debug|x86.Build.0 = Debug|Any CPU
		{30572E99-569A-4833-A844-CB743248DD7B}.Release|Any CPU.ActiveCfg = Release|Any CPU
		{30572E99-569A-4833-A844-CB743248DD7B}.Release|Any CPU.Build.0 = Release|Any CPU
		{30572E99-569A-4833-A844-CB743248DD7B}.Release|x64.ActiveCfg = Release|Any CPU
		{30572E99-569A-4833-A844-CB743248DD7B}.Release|x64.Build.0 = Release|Any CPU
		{30572E99-569A-4833-A844-CB743248DD7B}.Release|x86.ActiveCfg = Release|Any CPU
		{30572E99-569A-4833-A844-CB743248DD7B}.Release|x86.Build.0 = Release|Any CPU
	EndGlobalSection
	GlobalSection(SolutionProperties) = preSolution
		HideSolutionNode = FALSE
	EndGlobalSection
	GlobalSection(NestedProjects) = preSolution
		{3AFCE2F8-97E9-4D62-919D-2AA0AA518BB5} = {827E0CD3-B72D-47B6-A68D-7590B98EB39B}
		{35D518EE-88F6-4623-AB0C-F4DC70EC18E8} = {827E0CD3-B72D-47B6-A68D-7590B98EB39B}
		{54436988-7B2B-4E22-90BA-51ED47DE38FD} = {827E0CD3-B72D-47B6-A68D-7590B98EB39B}
		{6ECACE48-A993-4702-B97E-B4E984736C15} = {827E0CD3-B72D-47B6-A68D-7590B98EB39B}
		{4143F05F-3FCF-4EE1-83B3-8B0497D6059B} = {827E0CD3-B72D-47B6-A68D-7590B98EB39B}
		{30572E99-569A-4833-A844-CB743248DD7B} = {827E0CD3-B72D-47B6-A68D-7590B98EB39B}
	EndGlobalSection
EndGlobal
